
Microsoft Visual Studio Solution File, Format Version 12.00
# Visual Studio 15
VisualStudioVersion = 15.0.26730.15
MinimumVisualStudioVersion = 10.0.40219.1
Project("{FAE04EC0-301F-11D3-BF4B-00C04F79EFBC}") = "BBIN-DataLogger", "BBIN-DataLogger\BBIN-DataLogger.csproj", "{685700B5-BF19-4CEB-B68B-AF6050ED3547}"
EndProject
Project("{FAE04EC0-301F-11D3-BF4B-00C04F79EFBC}") = "BBIN-DataResponder", "BBIN-DataResponder\BBIN-DataResponder.csproj", "{16F40948-6733-4409-96FA-2CB46599C32B}"
EndProject
Project("{FAE04EC0-301F-11D3-BF4B-00C04F79EFBC}") = "BBIN-FaceMatchingService", "BBIN-FaceMatchingService\BBIN-FaceMatchingService.csproj", "{35A8CC38-AE2F-43D8-A3BB-1B8394045C2A}"
EndProject
Global
	GlobalSection(SolutionConfigurationPlatforms) = preSolution
		Debug|Any CPU = Debug|Any CPU
		Release|Any CPU = Release|Any CPU
	EndGlobalSection
	GlobalSection(ProjectConfigurationPlatforms) = postSolution
		{685700B5-BF19-4CEB-B68B-AF6050ED3547}.Debug|Any CPU.ActiveCfg = Debug|Any CPU
		{685700B5-BF19-4CEB-B68B-AF6050ED3547}.Debug|Any CPU.Build.0 = Debug|Any CPU
		{685700B5-BF19-4CEB-B68B-AF6050ED3547}.Release|Any CPU.ActiveCfg = Release|Any CPU
		{685700B5-BF19-4CEB-B68B-AF6050ED3547}.Release|Any CPU.Build.0 = Release|Any CPU
		{16F40948-6733-4409-96FA-2CB46599C32B}.Debug|Any CPU.ActiveCfg = Debug|Any CPU
		{16F40948-6733-4409-96FA-2CB46599C32B}.Debug|Any CPU.Build.0 = Debug|Any CPU
		{16F40948-6733-4409-96FA-2CB46599C32B}.Release|Any CPU.ActiveCfg = Release|Any CPU
		{16F40948-6733-4409-96FA-2CB46599C32B}.Release|Any CPU.Build.0 = Release|Any CPU
		{35A8CC38-AE2F-43D8-A3BB-1B8394045C2A}.Debug|Any CPU.ActiveCfg = Debug|Any CPU
		{35A8CC38-AE2F-43D8-A3BB-1B8394045C2A}.Debug|Any CPU.Build.0 = Debug|Any CPU
		{35A8CC38-AE2F-43D8-A3BB-1B8394045C2A}.Release|Any CPU.ActiveCfg = Release|Any CPU
		{35A8CC38-AE2F-43D8-A3BB-1B8394045C2A}.Release|Any CPU.Build.0 = Release|Any CPU
	EndGlobalSection
	GlobalSection(SolutionProperties) = preSolution
		HideSolutionNode = FALSE
	EndGlobalSection
	GlobalSection(ExtensibilityGlobals) = postSolution
		SolutionGuid = {8691AE97-7CC4-44DF-913E-C42EA85B7CDF}
	EndGlobalSection
EndGlobal
